
Microsoft Visual Studio Solution File, Format Version 12.00
# Visual Studio 2012
Project("{FAE04EC0-301F-11D3-BF4B-00C04F79EFBC}") = "IBCS", "IBCS\IBCS.csproj", "{934EEF7A-5B2C-448C-AC14-29B8DD15A046}"
EndProject
Project("{FAE04EC0-301F-11D3-BF4B-00C04F79EFBC}") = "IBCSTest", "IBCSTest\IBCSTest.csproj", "{086553A9-9A0B-41BC-952A-EDA6F372103A}"
EndProject
Project("{FAE04EC0-301F-11D3-BF4B-00C04F79EFBC}") = "PKGServer", "PKGServer\PKGServer.csproj", "{DA3027F7-DE05-45B7-9C4A-0A91691C77E1}"
EndProject
Project("{FAE04EC0-301F-11D3-BF4B-00C04F79EFBC}") = "IBCSApp", "IBCSApp\IBCSApp.csproj", "{BDAB86C0-7B4C-48BF-8D41-4605EE9898F5}"
EndProject
Project("{FAE04EC0-301F-11D3-BF4B-00C04F79EFBC}") = "IBCSAppTest", "IBCSAppTest\IBCSAppTest.csproj", "{A6901ACB-066F-4629-8380-7F8451B35821}"
EndProject
Global
	GlobalSection(SolutionConfigurationPlatforms) = preSolution
		Debug|Any CPU = Debug|Any CPU
		Debug|ARM = Debug|ARM
		Debug|x86 = Debug|x86
		Release|Any CPU = Release|Any CPU
		Release|ARM = Release|ARM
		Release|x86 = Release|x86
	EndGlobalSection
	GlobalSection(ProjectConfigurationPlatforms) = postSolution
		{934EEF7A-5B2C-448C-AC14-29B8DD15A046}.Debug|Any CPU.ActiveCfg = Debug|Any CPU
		{934EEF7A-5B2C-448C-AC14-29B8DD15A046}.Debug|Any CPU.Build.0 = Debug|Any CPU
		{934EEF7A-5B2C-448C-AC14-29B8DD15A046}.Debug|ARM.ActiveCfg = Debug|Any CPU
		{934EEF7A-5B2C-448C-AC14-29B8DD15A046}.Debug|x86.ActiveCfg = Debug|Any CPU
		{934EEF7A-5B2C-448C-AC14-29B8DD15A046}.Release|Any CPU.ActiveCfg = Release|Any CPU
		{934EEF7A-5B2C-448C-AC14-29B8DD15A046}.Release|Any CPU.Build.0 = Release|Any CPU
		{934EEF7A-5B2C-448C-AC14-29B8DD15A046}.Release|ARM.ActiveCfg = Release|Any CPU
		{934EEF7A-5B2C-448C-AC14-29B8DD15A046}.Release|x86.ActiveCfg = Release|Any CPU
		{086553A9-9A0B-41BC-952A-EDA6F372103A}.Debug|Any CPU.ActiveCfg = Debug|Any CPU
		{086553A9-9A0B-41BC-952A-EDA6F372103A}.Debug|Any CPU.Build.0 = Debug|Any CPU
		{086553A9-9A0B-41BC-952A-EDA6F372103A}.Debug|ARM.ActiveCfg = Debug|Any CPU
		{086553A9-9A0B-41BC-952A-EDA6F372103A}.Debug|x86.ActiveCfg = Debug|Any CPU
		{086553A9-9A0B-41BC-952A-EDA6F372103A}.Release|Any CPU.ActiveCfg = Release|Any CPU
		{086553A9-9A0B-41BC-952A-EDA6F372103A}.Release|Any CPU.Build.0 = Release|Any CPU
		{086553A9-9A0B-41BC-952A-EDA6F372103A}.Release|ARM.ActiveCfg = Release|Any CPU
		{086553A9-9A0B-41BC-952A-EDA6F372103A}.Release|x86.ActiveCfg = Release|Any CPU
		{DA3027F7-DE05-45B7-9C4A-0A91691C77E1}.Debug|Any CPU.ActiveCfg = Debug|Any CPU
		{DA3027F7-DE05-45B7-9C4A-0A91691C77E1}.Debug|Any CPU.Build.0 = Debug|Any CPU
		{DA3027F7-DE05-45B7-9C4A-0A91691C77E1}.Debug|ARM.ActiveCfg = Debug|Any CPU
		{DA3027F7-DE05-45B7-9C4A-0A91691C77E1}.Debug|x86.ActiveCfg = Debug|Any CPU
		{DA3027F7-DE05-45B7-9C4A-0A91691C77E1}.Release|Any CPU.ActiveCfg = Release|Any CPU
		{DA3027F7-DE05-45B7-9C4A-0A91691C77E1}.Release|Any CPU.Build.0 = Release|Any CPU
		{DA3027F7-DE05-45B7-9C4A-0A91691C77E1}.Release|ARM.ActiveCfg = Release|Any CPU
		{DA3027F7-DE05-45B7-9C4A-0A91691C77E1}.Release|x86.ActiveCfg = Release|Any CPU
		{BDAB86C0-7B4C-48BF-8D41-4605EE9898F5}.Debug|Any CPU.ActiveCfg = Debug|Any CPU
		{BDAB86C0-7B4C-48BF-8D41-4605EE9898F5}.Debug|ARM.ActiveCfg = Debug|ARM
		{BDAB86C0-7B4C-48BF-8D41-4605EE9898F5}.Debug|ARM.Build.0 = Debug|ARM
		{BDAB86C0-7B4C-48BF-8D41-4605EE9898F5}.Debug|ARM.Deploy.0 = Debug|ARM
		{BDAB86C0-7B4C-48BF-8D41-4605EE9898F5}.Debug|x86.ActiveCfg = Debug|x86
		{BDAB86C0-7B4C-48BF-8D41-4605EE9898F5}.Debug|x86.Build.0 = Debug|x86
		{BDAB86C0-7B4C-48BF-8D41-4605EE9898F5}.Debug|x86.Deploy.0 = Debug|x86
		{BDAB86C0-7B4C-48BF-8D41-4605EE9898F5}.Release|Any CPU.ActiveCfg = Release|Any CPU
		{BDAB86C0-7B4C-48BF-8D41-4605EE9898F5}.Release|ARM.ActiveCfg = Release|ARM
		{BDAB86C0-7B4C-48BF-8D41-4605EE9898F5}.Release|ARM.Build.0 = Release|ARM
		{BDAB86C0-7B4C-48BF-8D41-4605EE9898F5}.Release|ARM.Deploy.0 = Release|ARM
		{BDAB86C0-7B4C-48BF-8D41-4605EE9898F5}.Release|x86.ActiveCfg = Release|x86
		{BDAB86C0-7B4C-48BF-8D41-4605EE9898F5}.Release|x86.Build.0 = Release|x86
		{BDAB86C0-7B4C-48BF-8D41-4605EE9898F5}.Release|x86.Deploy.0 = Release|x86
		{A6901ACB-066F-4629-8380-7F8451B35821}.Debug|Any CPU.ActiveCfg = Debug|Any CPU
		{A6901ACB-066F-4629-8380-7F8451B35821}.Debug|ARM.ActiveCfg = Debug|Any CPU
		{A6901ACB-066F-4629-8380-7F8451B35821}.Debug|x86.ActiveCfg = Debug|Any CPU
		{A6901ACB-066F-4629-8380-7F8451B35821}.Release|Any CPU.ActiveCfg = Release|Any CPU
		{A6901ACB-066F-4629-8380-7F8451B35821}.Release|ARM.ActiveCfg = Release|Any CPU
		{A6901ACB-066F-4629-8380-7F8451B35821}.Release|x86.ActiveCfg = Release|Any CPU
	EndGlobalSection
	GlobalSection(SolutionProperties) = preSolution
		HideSolutionNode = FALSE
	EndGlobalSection
EndGlobal
