
Microsoft Visual Studio Solution File, Format Version 12.00
# Visual Studio 2012
Project("{FAE04EC0-301F-11D3-BF4B-00C04F79EFBC}") = "IBCS", "IBCS\IBCS.csproj", "{934EEF7A-5B2C-448C-AC14-29B8DD15A046}"
EndProject
Project("{FAE04EC0-301F-11D3-BF4B-00C04F79EFBC}") = "IBCSTest", "IBCSTest\IBCSTest.csproj", "{086553A9-9A0B-41BC-952A-EDA6F372103A}"
EndProject
Project("{FAE04EC0-301F-11D3-BF4B-00C04F79EFBC}") = "PKGServer", "PKGServer\PKGServer.csproj", "{DA3027F7-DE05-45B7-9C4A-0A91691C77E1}"
EndProject
Project("{FAE04EC0-301F-11D3-BF4B-00C04F79EFBC}") = "IBCSApp", "IBCSApp\IBCSApp.csproj", "{BDAB86C0-7B4C-48BF-8D41-4605EE9898F5}"
EndProject
Project("{FAE04EC0-301F-11D3-BF4B-00C04F79EFBC}") = "AppTest", "AppTest\AppTest.csproj", "{855D2CE0-6700-4066-B692-2C0F2F40A14C}"
EndProject
Project("{F088123C-0E9E-452A-89E6-6BA2F21D5CAC}") = "IBCSDiagrams", "IBCSDiagrams\IBCSDiagrams.modelproj", "{D282CA3C-CC00-4277-891D-F29331D98903}"
EndProject
Global
	GlobalSection(SolutionConfigurationPlatforms) = preSolution
		Debug|Any CPU = Debug|Any CPU
		Debug|ARM = Debug|ARM
		Debug|Mixed Platforms = Debug|Mixed Platforms
		Debug|Win32 = Debug|Win32
		Debug|x86 = Debug|x86
		Release|Any CPU = Release|Any CPU
		Release|ARM = Release|ARM
		Release|Mixed Platforms = Release|Mixed Platforms
		Release|Win32 = Release|Win32
		Release|x86 = Release|x86
	EndGlobalSection
	GlobalSection(ProjectConfigurationPlatforms) = postSolution
		{934EEF7A-5B2C-448C-AC14-29B8DD15A046}.Debug|Any CPU.ActiveCfg = Debug|Any CPU
		{934EEF7A-5B2C-448C-AC14-29B8DD15A046}.Debug|Any CPU.Build.0 = Debug|Any CPU
		{934EEF7A-5B2C-448C-AC14-29B8DD15A046}.Debug|ARM.ActiveCfg = Debug|Any CPU
		{934EEF7A-5B2C-448C-AC14-29B8DD15A046}.Debug|Mixed Platforms.ActiveCfg = Debug|Any CPU
		{934EEF7A-5B2C-448C-AC14-29B8DD15A046}.Debug|Mixed Platforms.Build.0 = Debug|Any CPU
		{934EEF7A-5B2C-448C-AC14-29B8DD15A046}.Debug|Win32.ActiveCfg = Debug|Any CPU
		{934EEF7A-5B2C-448C-AC14-29B8DD15A046}.Debug|x86.ActiveCfg = Debug|Any CPU
		{934EEF7A-5B2C-448C-AC14-29B8DD15A046}.Release|Any CPU.ActiveCfg = Release|Any CPU
		{934EEF7A-5B2C-448C-AC14-29B8DD15A046}.Release|Any CPU.Build.0 = Release|Any CPU
		{934EEF7A-5B2C-448C-AC14-29B8DD15A046}.Release|ARM.ActiveCfg = Release|Any CPU
		{934EEF7A-5B2C-448C-AC14-29B8DD15A046}.Release|Mixed Platforms.ActiveCfg = Release|Any CPU
		{934EEF7A-5B2C-448C-AC14-29B8DD15A046}.Release|Mixed Platforms.Build.0 = Release|Any CPU
		{934EEF7A-5B2C-448C-AC14-29B8DD15A046}.Release|Win32.ActiveCfg = Release|Any CPU
		{934EEF7A-5B2C-448C-AC14-29B8DD15A046}.Release|x86.ActiveCfg = Release|Any CPU
		{086553A9-9A0B-41BC-952A-EDA6F372103A}.Debug|Any CPU.ActiveCfg = Debug|Any CPU
		{086553A9-9A0B-41BC-952A-EDA6F372103A}.Debug|Any CPU.Build.0 = Debug|Any CPU
		{086553A9-9A0B-41BC-952A-EDA6F372103A}.Debug|ARM.ActiveCfg = Debug|Any CPU
		{086553A9-9A0B-41BC-952A-EDA6F372103A}.Debug|Mixed Platforms.ActiveCfg = Debug|Any CPU
		{086553A9-9A0B-41BC-952A-EDA6F372103A}.Debug|Mixed Platforms.Build.0 = Debug|Any CPU
		{086553A9-9A0B-41BC-952A-EDA6F372103A}.Debug|Win32.ActiveCfg = Debug|Any CPU
		{086553A9-9A0B-41BC-952A-EDA6F372103A}.Debug|x86.ActiveCfg = Debug|Any CPU
		{086553A9-9A0B-41BC-952A-EDA6F372103A}.Release|Any CPU.ActiveCfg = Release|Any CPU
		{086553A9-9A0B-41BC-952A-EDA6F372103A}.Release|Any CPU.Build.0 = Release|Any CPU
		{086553A9-9A0B-41BC-952A-EDA6F372103A}.Release|ARM.ActiveCfg = Release|Any CPU
		{086553A9-9A0B-41BC-952A-EDA6F372103A}.Release|Mixed Platforms.ActiveCfg = Release|Any CPU
		{086553A9-9A0B-41BC-952A-EDA6F372103A}.Release|Mixed Platforms.Build.0 = Release|Any CPU
		{086553A9-9A0B-41BC-952A-EDA6F372103A}.Release|Win32.ActiveCfg = Release|Any CPU
		{086553A9-9A0B-41BC-952A-EDA6F372103A}.Release|x86.ActiveCfg = Release|Any CPU
		{DA3027F7-DE05-45B7-9C4A-0A91691C77E1}.Debug|Any CPU.ActiveCfg = Debug|Any CPU
		{DA3027F7-DE05-45B7-9C4A-0A91691C77E1}.Debug|Any CPU.Build.0 = Debug|Any CPU
		{DA3027F7-DE05-45B7-9C4A-0A91691C77E1}.Debug|ARM.ActiveCfg = Debug|Any CPU
		{DA3027F7-DE05-45B7-9C4A-0A91691C77E1}.Debug|Mixed Platforms.ActiveCfg = Debug|Any CPU
		{DA3027F7-DE05-45B7-9C4A-0A91691C77E1}.Debug|Mixed Platforms.Build.0 = Debug|Any CPU
		{DA3027F7-DE05-45B7-9C4A-0A91691C77E1}.Debug|Win32.ActiveCfg = Debug|Any CPU
		{DA3027F7-DE05-45B7-9C4A-0A91691C77E1}.Debug|x86.ActiveCfg = Debug|Any CPU
		{DA3027F7-DE05-45B7-9C4A-0A91691C77E1}.Release|Any CPU.ActiveCfg = Release|Any CPU
		{DA3027F7-DE05-45B7-9C4A-0A91691C77E1}.Release|Any CPU.Build.0 = Release|Any CPU
		{DA3027F7-DE05-45B7-9C4A-0A91691C77E1}.Release|ARM.ActiveCfg = Release|Any CPU
		{DA3027F7-DE05-45B7-9C4A-0A91691C77E1}.Release|Mixed Platforms.ActiveCfg = Release|Any CPU
		{DA3027F7-DE05-45B7-9C4A-0A91691C77E1}.Release|Mixed Platforms.Build.0 = Release|Any CPU
		{DA3027F7-DE05-45B7-9C4A-0A91691C77E1}.Release|Win32.ActiveCfg = Release|Any CPU
		{DA3027F7-DE05-45B7-9C4A-0A91691C77E1}.Release|x86.ActiveCfg = Release|Any CPU
		{BDAB86C0-7B4C-48BF-8D41-4605EE9898F5}.Debug|Any CPU.ActiveCfg = Debug|Any CPU
		{BDAB86C0-7B4C-48BF-8D41-4605EE9898F5}.Debug|Any CPU.Build.0 = Debug|Any CPU
		{BDAB86C0-7B4C-48BF-8D41-4605EE9898F5}.Debug|Any CPU.Deploy.0 = Debug|Any CPU
		{BDAB86C0-7B4C-48BF-8D41-4605EE9898F5}.Debug|ARM.ActiveCfg = Debug|ARM
		{BDAB86C0-7B4C-48BF-8D41-4605EE9898F5}.Debug|ARM.Build.0 = Debug|ARM
		{BDAB86C0-7B4C-48BF-8D41-4605EE9898F5}.Debug|ARM.Deploy.0 = Debug|ARM
		{BDAB86C0-7B4C-48BF-8D41-4605EE9898F5}.Debug|Mixed Platforms.ActiveCfg = Debug|Any CPU
		{BDAB86C0-7B4C-48BF-8D41-4605EE9898F5}.Debug|Mixed Platforms.Build.0 = Debug|Any CPU
		{BDAB86C0-7B4C-48BF-8D41-4605EE9898F5}.Debug|Mixed Platforms.Deploy.0 = Debug|Any CPU
		{BDAB86C0-7B4C-48BF-8D41-4605EE9898F5}.Debug|Win32.ActiveCfg = Debug|x86
		{BDAB86C0-7B4C-48BF-8D41-4605EE9898F5}.Debug|Win32.Build.0 = Debug|x86
		{BDAB86C0-7B4C-48BF-8D41-4605EE9898F5}.Debug|Win32.Deploy.0 = Debug|x86
		{BDAB86C0-7B4C-48BF-8D41-4605EE9898F5}.Debug|x86.ActiveCfg = Debug|x86
		{BDAB86C0-7B4C-48BF-8D41-4605EE9898F5}.Debug|x86.Build.0 = Debug|x86
		{BDAB86C0-7B4C-48BF-8D41-4605EE9898F5}.Debug|x86.Deploy.0 = Debug|x86
		{BDAB86C0-7B4C-48BF-8D41-4605EE9898F5}.Release|Any CPU.ActiveCfg = Release|Any CPU
		{BDAB86C0-7B4C-48BF-8D41-4605EE9898F5}.Release|Any CPU.Build.0 = Release|Any CPU
		{BDAB86C0-7B4C-48BF-8D41-4605EE9898F5}.Release|Any CPU.Deploy.0 = Release|Any CPU
		{BDAB86C0-7B4C-48BF-8D41-4605EE9898F5}.Release|ARM.ActiveCfg = Release|ARM
		{BDAB86C0-7B4C-48BF-8D41-4605EE9898F5}.Release|ARM.Build.0 = Release|ARM
		{BDAB86C0-7B4C-48BF-8D41-4605EE9898F5}.Release|ARM.Deploy.0 = Release|ARM
		{BDAB86C0-7B4C-48BF-8D41-4605EE9898F5}.Release|Mixed Platforms.ActiveCfg = Release|Any CPU
		{BDAB86C0-7B4C-48BF-8D41-4605EE9898F5}.Release|Mixed Platforms.Build.0 = Release|Any CPU
		{BDAB86C0-7B4C-48BF-8D41-4605EE9898F5}.Release|Mixed Platforms.Deploy.0 = Release|Any CPU
		{BDAB86C0-7B4C-48BF-8D41-4605EE9898F5}.Release|Win32.ActiveCfg = Release|x86
		{BDAB86C0-7B4C-48BF-8D41-4605EE9898F5}.Release|Win32.Build.0 = Release|x86
		{BDAB86C0-7B4C-48BF-8D41-4605EE9898F5}.Release|Win32.Deploy.0 = Release|x86
		{BDAB86C0-7B4C-48BF-8D41-4605EE9898F5}.Release|x86.ActiveCfg = Release|x86
		{BDAB86C0-7B4C-48BF-8D41-4605EE9898F5}.Release|x86.Build.0 = Release|x86
		{BDAB86C0-7B4C-48BF-8D41-4605EE9898F5}.Release|x86.Deploy.0 = Release|x86
		{855D2CE0-6700-4066-B692-2C0F2F40A14C}.Debug|Any CPU.ActiveCfg = Debug|Any CPU
		{855D2CE0-6700-4066-B692-2C0F2F40A14C}.Debug|Any CPU.Build.0 = Debug|Any CPU
		{855D2CE0-6700-4066-B692-2C0F2F40A14C}.Debug|Any CPU.Deploy.0 = Debug|Any CPU
		{855D2CE0-6700-4066-B692-2C0F2F40A14C}.Debug|ARM.ActiveCfg = Debug|ARM
		{855D2CE0-6700-4066-B692-2C0F2F40A14C}.Debug|ARM.Build.0 = Debug|ARM
		{855D2CE0-6700-4066-B692-2C0F2F40A14C}.Debug|ARM.Deploy.0 = Debug|ARM
		{855D2CE0-6700-4066-B692-2C0F2F40A14C}.Debug|Mixed Platforms.ActiveCfg = Debug|Any CPU
		{855D2CE0-6700-4066-B692-2C0F2F40A14C}.Debug|Mixed Platforms.Build.0 = Debug|Any CPU
		{855D2CE0-6700-4066-B692-2C0F2F40A14C}.Debug|Mixed Platforms.Deploy.0 = Debug|Any CPU
		{855D2CE0-6700-4066-B692-2C0F2F40A14C}.Debug|Win32.ActiveCfg = Debug|x86
		{855D2CE0-6700-4066-B692-2C0F2F40A14C}.Debug|Win32.Build.0 = Debug|x86
		{855D2CE0-6700-4066-B692-2C0F2F40A14C}.Debug|Win32.Deploy.0 = Debug|x86
		{855D2CE0-6700-4066-B692-2C0F2F40A14C}.Debug|x86.ActiveCfg = Debug|x86
		{855D2CE0-6700-4066-B692-2C0F2F40A14C}.Debug|x86.Build.0 = Debug|x86
		{855D2CE0-6700-4066-B692-2C0F2F40A14C}.Debug|x86.Deploy.0 = Debug|x86
		{855D2CE0-6700-4066-B692-2C0F2F40A14C}.Release|Any CPU.ActiveCfg = Release|Any CPU
		{855D2CE0-6700-4066-B692-2C0F2F40A14C}.Release|Any CPU.Build.0 = Release|Any CPU
		{855D2CE0-6700-4066-B692-2C0F2F40A14C}.Release|Any CPU.Deploy.0 = Release|Any CPU
		{855D2CE0-6700-4066-B692-2C0F2F40A14C}.Release|ARM.ActiveCfg = Release|ARM
		{855D2CE0-6700-4066-B692-2C0F2F40A14C}.Release|ARM.Build.0 = Release|ARM
		{855D2CE0-6700-4066-B692-2C0F2F40A14C}.Release|ARM.Deploy.0 = Release|ARM
		{855D2CE0-6700-4066-B692-2C0F2F40A14C}.Release|Mixed Platforms.ActiveCfg = Release|Any CPU
		{855D2CE0-6700-4066-B692-2C0F2F40A14C}.Release|Win32.ActiveCfg = Release|x86
		{855D2CE0-6700-4066-B692-2C0F2F40A14C}.Release|Win32.Build.0 = Release|x86
		{855D2CE0-6700-4066-B692-2C0F2F40A14C}.Release|Win32.Deploy.0 = Release|x86
		{855D2CE0-6700-4066-B692-2C0F2F40A14C}.Release|x86.ActiveCfg = Release|x86
		{855D2CE0-6700-4066-B692-2C0F2F40A14C}.Release|x86.Build.0 = Release|x86
		{855D2CE0-6700-4066-B692-2C0F2F40A14C}.Release|x86.Deploy.0 = Release|x86
		{D282CA3C-CC00-4277-891D-F29331D98903}.Debug|Any CPU.ActiveCfg = Debug|Any CPU
		{D282CA3C-CC00-4277-891D-F29331D98903}.Debug|Any CPU.Build.0 = Debug|Any CPU
		{D282CA3C-CC00-4277-891D-F29331D98903}.Debug|ARM.ActiveCfg = Debug|Any CPU
		{D282CA3C-CC00-4277-891D-F29331D98903}.Debug|Mixed Platforms.ActiveCfg = Debug|Any CPU
		{D282CA3C-CC00-4277-891D-F29331D98903}.Debug|Mixed Platforms.Build.0 = Debug|Any CPU
		{D282CA3C-CC00-4277-891D-F29331D98903}.Debug|Win32.ActiveCfg = Debug|Any CPU
		{D282CA3C-CC00-4277-891D-F29331D98903}.Debug|x86.ActiveCfg = Debug|Any CPU
		{D282CA3C-CC00-4277-891D-F29331D98903}.Release|Any CPU.ActiveCfg = Release|Any CPU
		{D282CA3C-CC00-4277-891D-F29331D98903}.Release|Any CPU.Build.0 = Release|Any CPU
		{D282CA3C-CC00-4277-891D-F29331D98903}.Release|ARM.ActiveCfg = Release|Any CPU
		{D282CA3C-CC00-4277-891D-F29331D98903}.Release|Mixed Platforms.ActiveCfg = Release|Any CPU
		{D282CA3C-CC00-4277-891D-F29331D98903}.Release|Mixed Platforms.Build.0 = Release|Any CPU
		{D282CA3C-CC00-4277-891D-F29331D98903}.Release|Win32.ActiveCfg = Release|Any CPU
		{D282CA3C-CC00-4277-891D-F29331D98903}.Release|x86.ActiveCfg = Release|Any CPU
	EndGlobalSection
	GlobalSection(SolutionProperties) = preSolution
		HideSolutionNode = FALSE
	EndGlobalSection
EndGlobal
